// !$*UTF8*$!
{
	archiveVersion = 1;
	classes = {
	};
	objectVersion = 56;
	objects = {

/* Begin PBXBuildFile section */
		B6ADF3252C0673F900F8E33F /* BookWormApp.swift in Sources */ = {isa = PBXBuildFile; fileRef = B6ADF3242C0673F900F8E33F /* BookWormApp.swift */; };
		B6ADF3272C0673F900F8E33F /* ContentView.swift in Sources */ = {isa = PBXBuildFile; fileRef = B6ADF3262C0673F900F8E33F /* ContentView.swift */; };
		B6ADF3292C0673FE00F8E33F /* Assets.xcassets in Resources */ = {isa = PBXBuildFile; fileRef = B6ADF3282C0673FE00F8E33F /* Assets.xcassets */; };
		B6ADF32C2C0673FE00F8E33F /* Preview Assets.xcassets in Resources */ = {isa = PBXBuildFile; fileRef = B6ADF32B2C0673FE00F8E33F /* Preview Assets.xcassets */; };
		B6ADF3332C074AAC00F8E33F /* Book.swift in Sources */ = {isa = PBXBuildFile; fileRef = B6ADF3322C074AAC00F8E33F /* Book.swift */; };
		B6ADF3352C074BAF00F8E33F /* AddBookView.swift in Sources */ = {isa = PBXBuildFile; fileRef = B6ADF3342C074BAF00F8E33F /* AddBookView.swift */; };
		B6ADF3372C0762BD00F8E33F /* RatingView.swift in Sources */ = {isa = PBXBuildFile; fileRef = B6ADF3362C0762BD00F8E33F /* RatingView.swift */; };
		B6ADF3392C07806B00F8E33F /* EmojiRatingView.swift in Sources */ = {isa = PBXBuildFile; fileRef = B6ADF3382C07806A00F8E33F /* EmojiRatingView.swift */; };
/* End PBXBuildFile section */

/* Begin PBXFileReference section */
		B6ADF3212C0673F900F8E33F /* BookWorm.app */ = {isa = PBXFileReference; explicitFileType = wrapper.application; includeInIndex = 0; path = BookWorm.app; sourceTree = BUILT_PRODUCTS_DIR; };
		B6ADF3242C0673F900F8E33F /* BookWormApp.swift */ = {isa = PBXFileReference; lastKnownFileType = sourcecode.swift; path = BookWormApp.swift; sourceTree = "<group>"; };
		B6ADF3262C0673F900F8E33F /* ContentView.swift */ = {isa = PBXFileReference; lastKnownFileType = sourcecode.swift; path = ContentView.swift; sourceTree = "<group>"; };
		B6ADF3282C0673FE00F8E33F /* Assets.xcassets */ = {isa = PBXFileReference; lastKnownFileType = folder.assetcatalog; path = Assets.xcassets; sourceTree = "<group>"; };
		B6ADF32B2C0673FE00F8E33F /* Preview Assets.xcassets */ = {isa = PBXFileReference; lastKnownFileType = folder.assetcatalog; path = "Preview Assets.xcassets"; sourceTree = "<group>"; };
		B6ADF3322C074AAC00F8E33F /* Book.swift */ = {isa = PBXFileReference; lastKnownFileType = sourcecode.swift; path = Book.swift; sourceTree = "<group>"; };
		B6ADF3342C074BAF00F8E33F /* AddBookView.swift */ = {isa = PBXFileReference; lastKnownFileType = sourcecode.swift; path = AddBookView.swift; sourceTree = "<group>"; };
		B6ADF3362C0762BD00F8E33F /* RatingView.swift */ = {isa = PBXFileReference; lastKnownFileType = sourcecode.swift; path = RatingView.swift; sourceTree = "<group>"; };
		B6ADF3382C07806A00F8E33F /* EmojiRatingView.swift */ = {isa = PBXFileReference; lastKnownFileType = sourcecode.swift; path = EmojiRatingView.swift; sourceTree = "<group>"; };
/* End PBXFileReference section */

/* Begin PBXFrameworksBuildPhase section */
		B6ADF31E2C0673F900F8E33F /* Frameworks */ = {
			isa = PBXFrameworksBuildPhase;
			buildActionMask = 2147483647;
			files = (
			);
			runOnlyForDeploymentPostprocessing = 0;
		};
/* End PBXFrameworksBuildPhase section */

/* Begin PBXGroup section */
		B6ADF3182C0673F900F8E33F = {
			isa = PBXGroup;
			children = (
				B6ADF3232C0673F900F8E33F /* BookWorm */,
				B6ADF3222C0673F900F8E33F /* Products */,
			);
			sourceTree = "<group>";
		};
		B6ADF3222C0673F900F8E33F /* Products */ = {
			isa = PBXGroup;
			children = (
				B6ADF3212C0673F900F8E33F /* BookWorm.app */,
			);
			name = Products;
			sourceTree = "<group>";
		};
		B6ADF3232C0673F900F8E33F /* BookWorm */ = {
			isa = PBXGroup;
			children = (
				B6ADF3242C0673F900F8E33F /* BookWormApp.swift */,
				B6ADF3342C074BAF00F8E33F /* AddBookView.swift */,
				B6ADF3362C0762BD00F8E33F /* RatingView.swift */,
				B6ADF3382C07806A00F8E33F /* EmojiRatingView.swift */,
				B6ADF3262C0673F900F8E33F /* ContentView.swift */,
				B6ADF3322C074AAC00F8E33F /* Book.swift */,
				B6ADF3282C0673FE00F8E33F /* Assets.xcassets */,
				B6ADF32A2C0673FE00F8E33F /* Preview Content */,
			);
			path = BookWorm;
			sourceTree = "<group>";
		};
		B6ADF32A2C0673FE00F8E33F /* Preview Content */ = {
			isa = PBXGroup;
			children = (
				B6ADF32B2C0673FE00F8E33F /* Preview Assets.xcassets */,
			);
			path = "Preview Content";
			sourceTree = "<group>";
		};
/* End PBXGroup section */

/* Begin PBXNativeTarget section */
		B6ADF3202C0673F900F8E33F /* BookWorm */ = {
			isa = PBXNativeTarget;
			buildConfigurationList = B6ADF32F2C0673FE00F8E33F /* Build configuration list for PBXNativeTarget "BookWorm" */;
			buildPhases = (
				B6ADF31D2C0673F900F8E33F /* Sources */,
				B6ADF31E2C0673F900F8E33F /* Frameworks */,
				B6ADF31F2C0673F900F8E33F /* Resources */,
			);
			buildRules = (
			);
			dependencies = (
			);
			name = BookWorm;
			productName = BookWorm;
			productReference = B6ADF3212C0673F900F8E33F /* BookWorm.app */;
			productType = "com.apple.product-type.application";
		};
/* End PBXNativeTarget section */

/* Begin PBXProject section */
		B6ADF3192C0673F900F8E33F /* Project object */ = {
			isa = PBXProject;
			attributes = {
				BuildIndependentTargetsInParallel = 1;
				LastSwiftUpdateCheck = 1530;
				LastUpgradeCheck = 1530;
				TargetAttributes = {
					B6ADF3202C0673F900F8E33F = {
						CreatedOnToolsVersion = 15.3;
					};
				};
			};
			buildConfigurationList = B6ADF31C2C0673F900F8E33F /* Build configuration list for PBXProject "BookWorm" */;
			compatibilityVersion = "Xcode 14.0";
			developmentRegion = en;
			hasScannedForEncodings = 0;
			knownRegions = (
				en,
				Base,
			);
			mainGroup = B6ADF3182C0673F900F8E33F;
			productRefGroup = B6ADF3222C0673F900F8E33F /* Products */;
			projectDirPath = "";
			projectRoot = "";
			targets = (
				B6ADF3202C0673F900F8E33F /* BookWorm */,
			);
		};
/* End PBXProject section */

/* Begin PBXResourcesBuildPhase section */
		B6ADF31F2C0673F900F8E33F /* Resources */ = {
			isa = PBXResourcesBuildPhase;
			buildActionMask = 2147483647;
			files = (
				B6ADF32C2C0673FE00F8E33F /* Preview Assets.xcassets in Resources */,
				B6ADF3292C0673FE00F8E33F /* Assets.xcassets in Resources */,
			);
			runOnlyForDeploymentPostprocessing = 0;
		};
/* End PBXResourcesBuildPhase section */

/* Begin PBXSourcesBuildPhase section */
		B6ADF31D2C0673F900F8E33F /* Sources */ = {
			isa = PBXSourcesBuildPhase;
			buildActionMask = 2147483647;
			files = (
				B6ADF3272C0673F900F8E33F /* ContentView.swift in Sources */,
				B6ADF3252C0673F900F8E33F /* BookWormApp.swift in Sources */,
				B6ADF3332C074AAC00F8E33F /* Book.swift in Sources */,
				B6ADF3372C0762BD00F8E33F /* RatingView.swift in Sources */,
				B6ADF3392C07806B00F8E33F /* EmojiRatingView.swift in Sources */,
				B6ADF3352C074BAF00F8E33F /* AddBookView.swift in Sources */,
			);
			runOnlyForDeploymentPostprocessing = 0;
		};
/* End PBXSourcesBuildPhase section */

/* Begin XCBuildConfiguration section */
		B6ADF32D2C0673FE00F8E33F /* Debug */ = {
			isa = XCBuildConfiguration;
			buildSettings = {
				ALWAYS_SEARCH_USER_PATHS = NO;
				ASSETCATALOG_COMPILER_GENERATE_SWIFT_ASSET_SYMBOL_EXTENSIONS = YES;
				CLANG_ANALYZER_NONNULL = YES;
				CLANG_ANALYZER_NUMBER_OBJECT_CONVERSION = YES_AGGRESSIVE;
				CLANG_CXX_LANGUAGE_STANDARD = "gnu++20";
				CLANG_ENABLE_MODULES = YES;
				CLANG_ENABLE_OBJC_ARC = YES;
				CLANG_ENABLE_OBJC_WEAK = YES;
				CLANG_WARN_BLOCK_CAPTURE_AUTORELEASING = YES;
				CLANG_WARN_BOOL_CONVERSION = YES;
				CLANG_WARN_COMMA = YES;
				CLANG_WARN_CONSTANT_CONVERSION = YES;
				CLANG_WARN_DEPRECATED_OBJC_IMPLEMENTATIONS = YES;
				CLANG_WARN_DIRECT_OBJC_ISA_USAGE = YES_ERROR;
				CLANG_WARN_DOCUMENTATION_COMMENTS = YES;
				CLANG_WARN_EMPTY_BODY = YES;
				CLANG_WARN_ENUM_CONVERSION = YES;
				CLANG_WARN_INFINITE_RECURSION = YES;
				CLANG_WARN_INT_CONVERSION = YES;
				CLANG_WARN_NON_LITERAL_NULL_CONVERSION = YES;
				CLANG_WARN_OBJC_IMPLICIT_RETAIN_SELF = YES;
				CLANG_WARN_OBJC_LITERAL_CONVERSION = YES;
				CLANG_WARN_OBJC_ROOT_CLASS = YES_ERROR;
				CLANG_WARN_QUOTED_INCLUDE_IN_FRAMEWORK_HEADER = YES;
				CLANG_WARN_RANGE_LOOP_ANALYSIS = YES;
				CLANG_WARN_STRICT_PROTOTYPES = YES;
				CLANG_WARN_SUSPICIOUS_MOVE = YES;
				CLANG_WARN_UNGUARDED_AVAILABILITY = YES_AGGRESSIVE;
				CLANG_WARN_UNREACHABLE_CODE = YES;
				CLANG_WARN__DUPLICATE_METHOD_MATCH = YES;
				COPY_PHASE_STRIP = NO;
				DEBUG_INFORMATION_FORMAT = dwarf;
				ENABLE_STRICT_OBJC_MSGSEND = YES;
				ENABLE_TESTABILITY = YES;
				ENABLE_USER_SCRIPT_SANDBOXING = YES;
				GCC_C_LANGUAGE_STANDARD = gnu17;
				GCC_DYNAMIC_NO_PIC = NO;
				GCC_NO_COMMON_BLOCKS = YES;
				GCC_OPTIMIZATION_LEVEL = 0;
				GCC_PREPROCESSOR_DEFINITIONS = (
					"DEBUG=1",
					"$(inherited)",
				);
				GCC_WARN_64_TO_32_BIT_CONVERSION = YES;
				GCC_WARN_ABOUT_RETURN_TYPE = YES_ERROR;
				GCC_WARN_UNDECLARED_SELECTOR = YES;
				GCC_WARN_UNINITIALIZED_AUTOS = YES_AGGRESSIVE;
				GCC_WARN_UNUSED_FUNCTION = YES;
				GCC_WARN_UNUSED_VARIABLE = YES;
				IPHONEOS_DEPLOYMENT_TARGET = 17.4;
				LOCALIZATION_PREFERS_STRING_CATALOGS = YES;
				MTL_ENABLE_DEBUG_INFO = INCLUDE_SOURCE;
				MTL_FAST_MATH = YES;
				ONLY_ACTIVE_ARCH = YES;
				SDKROOT = iphoneos;
				SWIFT_ACTIVE_COMPILATION_CONDITIONS = "DEBUG $(inherited)";
				SWIFT_OPTIMIZATION_LEVEL = "-Onone";
			};
			name = Debug;
		};
		B6ADF32E2C0673FE00F8E33F /* Release */ = {
			isa = XCBuildConfiguration;
			buildSettings = {
				ALWAYS_SEARCH_USER_PATHS = NO;
				ASSETCATALOG_COMPILER_GENERATE_SWIFT_ASSET_SYMBOL_EXTENSIONS = YES;
				CLANG_ANALYZER_NONNULL = YES;
				CLANG_ANALYZER_NUMBER_OBJECT_CONVERSION = YES_AGGRESSIVE;
				CLANG_CXX_LANGUAGE_STANDARD = "gnu++20";
				CLANG_ENABLE_MODULES = YES;
				CLANG_ENABLE_OBJC_ARC = YES;
				CLANG_ENABLE_OBJC_WEAK = YES;
				CLANG_WARN_BLOCK_CAPTURE_AUTORELEASING = YES;
				CLANG_WARN_BOOL_CONVERSION = YES;
				CLANG_WARN_COMMA = YES;
				CLANG_WARN_CONSTANT_CONVERSION = YES;
				CLANG_WARN_DEPRECATED_OBJC_IMPLEMENTATIONS = YES;
				CLANG_WARN_DIRECT_OBJC_ISA_USAGE = YES_ERROR;
				CLANG_WARN_DOCUMENTATION_COMMENTS = YES;
				CLANG_WARN_EMPTY_BODY = YES;
				CLANG_WARN_ENUM_CONVERSION = YES;
				CLANG_WARN_INFINITE_RECURSION = YES;
				CLANG_WARN_INT_CONVERSION = YES;
				CLANG_WARN_NON_LITERAL_NULL_CONVERSION = YES;
				CLANG_WARN_OBJC_IMPLICIT_RETAIN_SELF = YES;
				CLANG_WARN_OBJC_LITERAL_CONVERSION = YES;
				CLANG_WARN_OBJC_ROOT_CLASS = YES_ERROR;
				CLANG_WARN_QUOTED_INCLUDE_IN_FRAMEWORK_HEADER = YES;
				CLANG_WARN_RANGE_LOOP_ANALYSIS = YES;
				CLANG_WARN_STRICT_PROTOTYPES = YES;
				CLANG_WARN_SUSPICIOUS_MOVE = YES;
				CLANG_WARN_UNGUARDED_AVAILABILITY = YES_AGGRESSIVE;
				CLANG_WARN_UNREACHABLE_CODE = YES;
				CLANG_WARN__DUPLICATE_METHOD_MATCH = YES;
				COPY_PHASE_STRIP = NO;
				DEBUG_INFORMATION_FORMAT = "dwarf-with-dsym";
				ENABLE_NS_ASSERTIONS = NO;
				ENABLE_STRICT_OBJC_MSGSEND = YES;
				ENABLE_USER_SCRIPT_SANDBOXING = YES;
				GCC_C_LANGUAGE_STANDARD = gnu17;
				GCC_NO_COMMON_BLOCKS = YES;
				GCC_WARN_64_TO_32_BIT_CONVERSION = YES;
				GCC_WARN_ABOUT_RETURN_TYPE = YES_ERROR;
				GCC_WARN_UNDECLARED_SELECTOR = YES;
				GCC_WARN_UNINITIALIZED_AUTOS = YES_AGGRESSIVE;
				GCC_WARN_UNUSED_FUNCTION = YES;
				GCC_WARN_UNUSED_VARIABLE = YES;
				IPHONEOS_DEPLOYMENT_TARGET = 17.4;
				LOCALIZATION_PREFERS_STRING_CATALOGS = YES;
				MTL_ENABLE_DEBUG_INFO = NO;
				MTL_FAST_MATH = YES;
				SDKROOT = iphoneos;
				SWIFT_COMPILATION_MODE = wholemodule;
				VALIDATE_PRODUCT = YES;
			};
			name = Release;
		};
		B6ADF3302C0673FE00F8E33F /* Debug */ = {
			isa = XCBuildConfiguration;
			buildSettings = {
				ASSETCATALOG_COMPILER_APPICON_NAME = AppIcon;
				ASSETCATALOG_COMPILER_GLOBAL_ACCENT_COLOR_NAME = AccentColor;
				CODE_SIGN_STYLE = Automatic;
				CURRENT_PROJECT_VERSION = 1;
				DEVELOPMENT_ASSET_PATHS = "\"BookWorm/Preview Content\"";
				DEVELOPMENT_TEAM = H8ZGPE64NJ;
				ENABLE_PREVIEWS = YES;
				GENERATE_INFOPLIST_FILE = YES;
				INFOPLIST_KEY_UIApplicationSceneManifest_Generation = YES;
				INFOPLIST_KEY_UIApplicationSupportsIndirectInputEvents = YES;
				INFOPLIST_KEY_UILaunchScreen_Generation = YES;
				INFOPLIST_KEY_UISupportedInterfaceOrientations_iPad = "UIInterfaceOrientationPortrait UIInterfaceOrientationPortraitUpsideDown UIInterfaceOrientationLandscapeLeft UIInterfaceOrientationLandscapeRight";
				INFOPLIST_KEY_UISupportedInterfaceOrientations_iPhone = "UIInterfaceOrientationPortrait UIInterfaceOrientationLandscapeLeft UIInterfaceOrientationLandscapeRight";
				LD_RUNPATH_SEARCH_PATHS = (
					"$(inherited)",
					"@executable_path/Frameworks",
				);
				MARKETING_VERSION = 1.0;
				PRODUCT_BUNDLE_IDENTIFIER = br.com.includesystems.BookWorm;
				PRODUCT_NAME = "$(TARGET_NAME)";
				SWIFT_EMIT_LOC_STRINGS = YES;
				SWIFT_VERSION = 5.0;
				TARGETED_DEVICE_FAMILY = "1,2";
			};
			name = Debug;
		};
		B6ADF3312C0673FE00F8E33F /* Release */ = {
			isa = XCBuildConfiguration;
			buildSettings = {
				ASSETCATALOG_COMPILER_APPICON_NAME = AppIcon;
				ASSETCATALOG_COMPILER_GLOBAL_ACCENT_COLOR_NAME = AccentColor;
				CODE_SIGN_STYLE = Automatic;
				CURRENT_PROJECT_VERSION = 1;
				DEVELOPMENT_ASSET_PATHS = "\"BookWorm/Preview Content\"";
				DEVELOPMENT_TEAM = H8ZGPE64NJ;
				ENABLE_PREVIEWS = YES;
				GENERATE_INFOPLIST_FILE = YES;
				INFOPLIST_KEY_UIApplicationSceneManifest_Generation = YES;
				INFOPLIST_KEY_UIApplicationSupportsIndirectInputEvents = YES;
				INFOPLIST_KEY_UILaunchScreen_Generation = YES;
				INFOPLIST_KEY_UISupportedInterfaceOrientations_iPad = "UIInterfaceOrientationPortrait UIInterfaceOrientationPortraitUpsideDown UIInterfaceOrientationLandscapeLeft UIInterfaceOrientationLandscapeRight";
				INFOPLIST_KEY_UISupportedInterfaceOrientations_iPhone = "UIInterfaceOrientationPortrait UIInterfaceOrientationLandscapeLeft UIInterfaceOrientationLandscapeRight";
				LD_RUNPATH_SEARCH_PATHS = (
					"$(inherited)",
					"@executable_path/Frameworks",
				);
				MARKETING_VERSION = 1.0;
				PRODUCT_BUNDLE_IDENTIFIER = br.com.includesystems.BookWorm;
				PRODUCT_NAME = "$(TARGET_NAME)";
				SWIFT_EMIT_LOC_STRINGS = YES;
				SWIFT_VERSION = 5.0;
				TARGETED_DEVICE_FAMILY = "1,2";
			};
			name = Release;
		};
/* End XCBuildConfiguration section */

/* Begin XCConfigurationList section */
		B6ADF31C2C0673F900F8E33F /* Build configuration list for PBXProject "BookWorm" */ = {
			isa = XCConfigurationList;
			buildConfigurations = (
				B6ADF32D2C0673FE00F8E33F /* Debug */,
				B6ADF32E2C0673FE00F8E33F /* Release */,
			);
			defaultConfigurationIsVisible = 0;
			defaultConfigurationName = Release;
		};
		B6ADF32F2C0673FE00F8E33F /* Build configuration list for PBXNativeTarget "BookWorm" */ = {
			isa = XCConfigurationList;
			buildConfigurations = (
				B6ADF3302C0673FE00F8E33F /* Debug */,
				B6ADF3312C0673FE00F8E33F /* Release */,
			);
			defaultConfigurationIsVisible = 0;
			defaultConfigurationName = Release;
		};
/* End XCConfigurationList section */
	};
	rootObject = B6ADF3192C0673F900F8E33F /* Project object */;
}
